
Microsoft Visual Studio Solution File, Format Version 12.00
# Visual Studio Version 17
VisualStudioVersion = 17.3.32825.248
MinimumVisualStudioVersion = 10.0.40219.1
Project("{9A19103F-16F7-4668-BE54-9A1E7A4F7556}") = "Core", "Core\Core.csproj", "{A1847C79-7CDD-4259-A1A7-B728811B44CF}"
EndProject
Project("{9A19103F-16F7-4668-BE54-9A1E7A4F7556}") = "DataLayer", "DataLayer\DataLayer.csproj", "{1948566E-D48F-4016-905B-BE2C06B0D812}"
EndProject
Project("{9A19103F-16F7-4668-BE54-9A1E7A4F7556}") = "Web", "Web\Web.csproj", "{55600312-B398-4097-9A2C-413F868A17B4}"
EndProject
Global
	GlobalSection(SolutionConfigurationPlatforms) = preSolution
		Debug|Any CPU = Debug|Any CPU
		Release|Any CPU = Release|Any CPU
	EndGlobalSection
	GlobalSection(ProjectConfigurationPlatforms) = postSolution
		{A1847C79-7CDD-4259-A1A7-B728811B44CF}.Debug|Any CPU.ActiveCfg = Debug|Any CPU
		{A1847C79-7CDD-4259-A1A7-B728811B44CF}.Debug|Any CPU.Build.0 = Debug|Any CPU
		{A1847C79-7CDD-4259-A1A7-B728811B44CF}.Release|Any CPU.ActiveCfg = Release|Any CPU
		{A1847C79-7CDD-4259-A1A7-B728811B44CF}.Release|Any CPU.Build.0 = Release|Any CPU
		{1948566E-D48F-4016-905B-BE2C06B0D812}.Debug|Any CPU.ActiveCfg = Debug|Any CPU
		{1948566E-D48F-4016-905B-BE2C06B0D812}.Debug|Any CPU.Build.0 = Debug|Any CPU
		{1948566E-D48F-4016-905B-BE2C06B0D812}.Release|Any CPU.ActiveCfg = Release|Any CPU
		{1948566E-D48F-4016-905B-BE2C06B0D812}.Release|Any CPU.Build.0 = Release|Any CPU
		{55600312-B398-4097-9A2C-413F868A17B4}.Debug|Any CPU.ActiveCfg = Debug|Any CPU
		{55600312-B398-4097-9A2C-413F868A17B4}.Debug|Any CPU.Build.0 = Debug|Any CPU
		{55600312-B398-4097-9A2C-413F868A17B4}.Release|Any CPU.ActiveCfg = Release|Any CPU
		{55600312-B398-4097-9A2C-413F868A17B4}.Release|Any CPU.Build.0 = Release|Any CPU
	EndGlobalSection
	GlobalSection(SolutionProperties) = preSolution
		HideSolutionNode = FALSE
	EndGlobalSection
	GlobalSection(ExtensibilityGlobals) = postSolution
		SolutionGuid = {26FA140C-D335-4B1D-84BA-CED2FE5A72EB}
	EndGlobalSection
EndGlobal
